
Microsoft Visual Studio Solution File, Format Version 12.00
# Visual Studio 15
VisualStudioVersion = 15.0.28010.2046
MinimumVisualStudioVersion = 10.0.40219.1
Project("{FAE04EC0-301F-11D3-BF4B-00C04F79EFBC}") = "Bombardier", "Bombardier\Bombardier.csproj", "{6B3D2E94-E329-4D97-B6B7-41FF05E0B020}"
EndProject
Global
	GlobalSection(SolutionConfigurationPlatforms) = preSolution
		Debug|Any CPU = Debug|Any CPU
		Release|Any CPU = Release|Any CPU
	EndGlobalSection
	GlobalSection(ProjectConfigurationPlatforms) = postSolution
		{6B3D2E94-E329-4D97-B6B7-41FF05E0B020}.Debug|Any CPU.ActiveCfg = Debug|Any CPU
		{6B3D2E94-E329-4D97-B6B7-41FF05E0B020}.Debug|Any CPU.Build.0 = Debug|Any CPU
		{6B3D2E94-E329-4D97-B6B7-41FF05E0B020}.Release|Any CPU.ActiveCfg = Release|Any CPU
		{6B3D2E94-E329-4D97-B6B7-41FF05E0B020}.Release|Any CPU.Build.0 = Release|Any CPU
	EndGlobalSection
	GlobalSection(SolutionProperties) = preSolution
		HideSolutionNode = FALSE
	EndGlobalSection
	GlobalSection(ExtensibilityGlobals) = postSolution
		SolutionGuid = {A6660853-8CAE-4094-9A70-C04D3B927243}
	EndGlobalSection
EndGlobal
